// !$*UTF8*$!
{
	archiveVersion = 1;
	classes = {
	};
	objectVersion = 46;
	objects = {

/* Begin PBXBuildFile section */
		5F6E3C9E18ED9510003A323E /* DBModel.cpp in Sources */ = {isa = PBXBuildFile; fileRef = 5F6E3C9C18ED9510003A323E /* DBModel.cpp */; };
		5F6E3CA118ED9524003A323E /* DBManager.cpp in Sources */ = {isa = PBXBuildFile; fileRef = 5F6E3C9F18ED9524003A323E /* DBManager.cpp */; };
		5F6E3CA418ED9A3A003A323E /* libmysqlclient.18.dylib in Frameworks */ = {isa = PBXBuildFile; fileRef = 5F6E3CA318ED9A3A003A323E /* libmysqlclient.18.dylib */; };
		5F6E3CA718ED9AF0003A323E /* MysqlApi.cpp in Sources */ = {isa = PBXBuildFile; fileRef = 5F6E3CA518ED9AF0003A323E /* MysqlApi.cpp */; };
		5F787B7318EBA46400EB27C0 /* main.cpp in Sources */ = {isa = PBXBuildFile; fileRef = 5F787B7218EBA46400EB27C0 /* main.cpp */; };
/* End PBXBuildFile section */

/* Begin PBXCopyFilesBuildPhase section */
		5F787B6D18EBA46400EB27C0 /* CopyFiles */ = {
			isa = PBXCopyFilesBuildPhase;
			buildActionMask = 2147483647;
			dstPath = /usr/share/man/man1/;
			dstSubfolderSpec = 0;
			files = (
			);
			runOnlyForDeploymentPostprocessing = 1;
		};
/* End PBXCopyFilesBuildPhase section */

/* Begin PBXFileReference section */
		5F6E3C9C18ED9510003A323E /* DBModel.cpp */ = {isa = PBXFileReference; fileEncoding = 4; lastKnownFileType = sourcecode.cpp.cpp; path = DBModel.cpp; sourceTree = "<group>"; };
		5F6E3C9D18ED9510003A323E /* DBModel.h */ = {isa = PBXFileReference; fileEncoding = 4; lastKnownFileType = sourcecode.c.h; path = DBModel.h; sourceTree = "<group>"; };
		5F6E3C9F18ED9524003A323E /* DBManager.cpp */ = {isa = PBXFileReference; fileEncoding = 4; lastKnownFileType = sourcecode.cpp.cpp; path = DBManager.cpp; sourceTree = "<group>"; };
		5F6E3CA018ED9524003A323E /* DBManager.h */ = {isa = PBXFileReference; fileEncoding = 4; lastKnownFileType = sourcecode.c.h; path = DBManager.h; sourceTree = "<group>"; };
		5F6E3CA318ED9A3A003A323E /* libmysqlclient.18.dylib */ = {isa = PBXFileReference; lastKnownFileType = "compiled.mach-o.dylib"; path = libmysqlclient.18.dylib; sourceTree = "<group>"; };
		5F6E3CA518ED9AF0003A323E /* MysqlApi.cpp */ = {isa = PBXFileReference; fileEncoding = 4; lastKnownFileType = sourcecode.cpp.cpp; path = MysqlApi.cpp; sourceTree = "<group>"; };
		5F6E3CA618ED9AF0003A323E /* MysqlApi.h */ = {isa = PBXFileReference; fileEncoding = 4; lastKnownFileType = sourcecode.c.h; path = MysqlApi.h; sourceTree = "<group>"; };
		5F787B6F18EBA46400EB27C0 /* AJChat */ = {isa = PBXFileReference; explicitFileType = "compiled.mach-o.executable"; includeInIndex = 0; path = AJChat; sourceTree = BUILT_PRODUCTS_DIR; };
		5F787B7218EBA46400EB27C0 /* main.cpp */ = {isa = PBXFileReference; lastKnownFileType = sourcecode.cpp.cpp; path = main.cpp; sourceTree = "<group>"; };
/* End PBXFileReference section */

/* Begin PBXFrameworksBuildPhase section */
		5F787B6C18EBA46400EB27C0 /* Frameworks */ = {
			isa = PBXFrameworksBuildPhase;
			buildActionMask = 2147483647;
			files = (
				5F6E3CA418ED9A3A003A323E /* libmysqlclient.18.dylib in Frameworks */,
			);
			runOnlyForDeploymentPostprocessing = 0;
		};
/* End PBXFrameworksBuildPhase section */

/* Begin PBXGroup section */
		5F6E3C9B18ED94C3003A323E /* model */ = {
			isa = PBXGroup;
			children = (
				5F6E3C9C18ED9510003A323E /* DBModel.cpp */,
				5F6E3C9D18ED9510003A323E /* DBModel.h */,
				5F6E3C9F18ED9524003A323E /* DBManager.cpp */,
				5F6E3CA018ED9524003A323E /* DBManager.h */,
				5F6E3CA518ED9AF0003A323E /* MysqlApi.cpp */,
				5F6E3CA618ED9AF0003A323E /* MysqlApi.h */,
			);
			path = model;
			sourceTree = "<group>";
		};
		5F6E3CA218ED9A2C003A323E /* lib */ = {
			isa = PBXGroup;
			children = (
				5F6E3CA318ED9A3A003A323E /* libmysqlclient.18.dylib */,
			);
			path = lib;
			sourceTree = "<group>";
		};
		5F787B6618EBA46400EB27C0 = {
			isa = PBXGroup;
			children = (
				5F787B7118EBA46400EB27C0 /* AJChat */,
				5F787B7018EBA46400EB27C0 /* Products */,
			);
			sourceTree = "<group>";
		};
		5F787B7018EBA46400EB27C0 /* Products */ = {
			isa = PBXGroup;
			children = (
				5F787B6F18EBA46400EB27C0 /* AJChat */,
			);
			name = Products;
			sourceTree = "<group>";
		};
		5F787B7118EBA46400EB27C0 /* AJChat */ = {
			isa = PBXGroup;
			children = (
				5F6E3CA218ED9A2C003A323E /* lib */,
				5F6E3C9B18ED94C3003A323E /* model */,
				5F787B7218EBA46400EB27C0 /* main.cpp */,
			);
			path = AJChat;
			sourceTree = "<group>";
		};
/* End PBXGroup section */

/* Begin PBXNativeTarget section */
		5F787B6E18EBA46400EB27C0 /* AJChat */ = {
			isa = PBXNativeTarget;
			buildConfigurationList = 5F787B7818EBA46400EB27C0 /* Build configuration list for PBXNativeTarget "AJChat" */;
			buildPhases = (
				5F787B6B18EBA46400EB27C0 /* Sources */,
				5F787B6C18EBA46400EB27C0 /* Frameworks */,
				5F787B6D18EBA46400EB27C0 /* CopyFiles */,
			);
			buildRules = (
			);
			dependencies = (
			);
			name = AJChat;
			productName = AJChat;
			productReference = 5F787B6F18EBA46400EB27C0 /* AJChat */;
			productType = "com.apple.product-type.tool";
		};
/* End PBXNativeTarget section */

/* Begin PBXProject section */
		5F787B6718EBA46400EB27C0 /* Project object */ = {
			isa = PBXProject;
			attributes = {
				LastUpgradeCheck = 0510;
				ORGANIZATIONNAME = "___FULLUSERNAME___";
			};
			buildConfigurationList = 5F787B6A18EBA46400EB27C0 /* Build configuration list for PBXProject "AJChat" */;
			compatibilityVersion = "Xcode 3.2";
			developmentRegion = English;
			hasScannedForEncodings = 0;
			knownRegions = (
				en,
			);
			mainGroup = 5F787B6618EBA46400EB27C0;
			productRefGroup = 5F787B7018EBA46400EB27C0 /* Products */;
			projectDirPath = "";
			projectRoot = "";
			targets = (
				5F787B6E18EBA46400EB27C0 /* AJChat */,
			);
		};
/* End PBXProject section */

/* Begin PBXSourcesBuildPhase section */
		5F787B6B18EBA46400EB27C0 /* Sources */ = {
			isa = PBXSourcesBuildPhase;
			buildActionMask = 2147483647;
			files = (
				5F787B7318EBA46400EB27C0 /* main.cpp in Sources */,
				5F6E3CA718ED9AF0003A323E /* MysqlApi.cpp in Sources */,
				5F6E3CA118ED9524003A323E /* DBManager.cpp in Sources */,
				5F6E3C9E18ED9510003A323E /* DBModel.cpp in Sources */,
			);
			runOnlyForDeploymentPostprocessing = 0;
		};
/* End PBXSourcesBuildPhase section */

/* Begin XCBuildConfiguration section */
		5F787B7618EBA46400EB27C0 /* Debug */ = {
			isa = XCBuildConfiguration;
			buildSettings = {
				ALWAYS_SEARCH_USER_PATHS = NO;
				CLANG_CXX_LANGUAGE_STANDARD = "gnu++0x";
				CLANG_CXX_LIBRARY = "libc++";
				CLANG_ENABLE_MODULES = YES;
				CLANG_ENABLE_OBJC_ARC = YES;
				CLANG_WARN_BOOL_CONVERSION = YES;
				CLANG_WARN_CONSTANT_CONVERSION = YES;
				CLANG_WARN_DIRECT_OBJC_ISA_USAGE = YES_ERROR;
				CLANG_WARN_EMPTY_BODY = YES;
				CLANG_WARN_ENUM_CONVERSION = YES;
				CLANG_WARN_INT_CONVERSION = YES;
				CLANG_WARN_OBJC_ROOT_CLASS = YES_ERROR;
				CLANG_WARN__DUPLICATE_METHOD_MATCH = YES;
				COPY_PHASE_STRIP = NO;
				GCC_C_LANGUAGE_STANDARD = gnu99;
				GCC_DYNAMIC_NO_PIC = NO;
				GCC_ENABLE_OBJC_EXCEPTIONS = YES;
				GCC_OPTIMIZATION_LEVEL = 0;
				GCC_PREPROCESSOR_DEFINITIONS = (
					"DEBUG=1",
					"$(inherited)",
				);
				GCC_SYMBOLS_PRIVATE_EXTERN = NO;
				GCC_WARN_64_TO_32_BIT_CONVERSION = YES;
				GCC_WARN_ABOUT_RETURN_TYPE = YES_ERROR;
				GCC_WARN_UNDECLARED_SELECTOR = YES;
				GCC_WARN_UNINITIALIZED_AUTOS = YES_AGGRESSIVE;
				GCC_WARN_UNUSED_FUNCTION = YES;
				GCC_WARN_UNUSED_VARIABLE = YES;
				MACOSX_DEPLOYMENT_TARGET = 10.9;
				ONLY_ACTIVE_ARCH = YES;
				SDKROOT = macosx;
			};
			name = Debug;
		};
		5F787B7718EBA46400EB27C0 /* Release */ = {
			isa = XCBuildConfiguration;
			buildSettings = {
				ALWAYS_SEARCH_USER_PATHS = NO;
				CLANG_CXX_LANGUAGE_STANDARD = "gnu++0x";
				CLANG_CXX_LIBRARY = "libc++";
				CLANG_ENABLE_MODULES = YES;
				CLANG_ENABLE_OBJC_ARC = YES;
				CLANG_WARN_BOOL_CONVERSION = YES;
				CLANG_WARN_CONSTANT_CONVERSION = YES;
				CLANG_WARN_DIRECT_OBJC_ISA_USAGE = YES_ERROR;
				CLANG_WARN_EMPTY_BODY = YES;
				CLANG_WARN_ENUM_CONVERSION = YES;
				CLANG_WARN_INT_CONVERSION = YES;
				CLANG_WARN_OBJC_ROOT_CLASS = YES_ERROR;
				CLANG_WARN__DUPLICATE_METHOD_MATCH = YES;
				COPY_PHASE_STRIP = YES;
				DEBUG_INFORMATION_FORMAT = "dwarf-with-dsym";
				ENABLE_NS_ASSERTIONS = NO;
				GCC_C_LANGUAGE_STANDARD = gnu99;
				GCC_ENABLE_OBJC_EXCEPTIONS = YES;
				GCC_WARN_64_TO_32_BIT_CONVERSION = YES;
				GCC_WARN_ABOUT_RETURN_TYPE = YES_ERROR;
				GCC_WARN_UNDECLARED_SELECTOR = YES;
				GCC_WARN_UNINITIALIZED_AUTOS = YES_AGGRESSIVE;
				GCC_WARN_UNUSED_FUNCTION = YES;
				GCC_WARN_UNUSED_VARIABLE = YES;
				MACOSX_DEPLOYMENT_TARGET = 10.9;
				SDKROOT = macosx;
			};
			name = Release;
		};
		5F787B7918EBA46400EB27C0 /* Debug */ = {
			isa = XCBuildConfiguration;
			buildSettings = {
				HEADER_SEARCH_PATHS = (
					"$(inherited)",
					"/Users/anjun/dev/c/lib/mysql/mysql-connector-c-6.1.3-osx10.7-x86_64/include",
					/Applications/Xcode.app/Contents/Developer/Toolchains/XcodeDefault.xctoolchain/usr/include,
				);
				LIBRARY_SEARCH_PATHS = (
					"$(inherited)",
					"$(PROJECT_DIR)/AJChat/lib",
				);
				PRODUCT_NAME = "$(TARGET_NAME)";
			};
			name = Debug;
		};
		5F787B7A18EBA46400EB27C0 /* Release */ = {
			isa = XCBuildConfiguration;
			buildSettings = {
				HEADER_SEARCH_PATHS = (
					"$(inherited)",
					"/Users/anjun/dev/c/lib/mysql/mysql-connector-c-6.1.3-osx10.7-x86_64/include",
					/Applications/Xcode.app/Contents/Developer/Toolchains/XcodeDefault.xctoolchain/usr/include,
				);
				LIBRARY_SEARCH_PATHS = (
					"$(inherited)",
					"$(PROJECT_DIR)/AJChat/lib",
				);
				PRODUCT_NAME = "$(TARGET_NAME)";
			};
			name = Release;
		};
/* End XCBuildConfiguration section */

/* Begin XCConfigurationList section */
		5F787B6A18EBA46400EB27C0 /* Build configuration list for PBXProject "AJChat" */ = {
			isa = XCConfigurationList;
			buildConfigurations = (
				5F787B7618EBA46400EB27C0 /* Debug */,
				5F787B7718EBA46400EB27C0 /* Release */,
			);
			defaultConfigurationIsVisible = 0;
			defaultConfigurationName = Release;
		};
		5F787B7818EBA46400EB27C0 /* Build configuration list for PBXNativeTarget "AJChat" */ = {
			isa = XCConfigurationList;
			buildConfigurations = (
				5F787B7918EBA46400EB27C0 /* Debug */,
				5F787B7A18EBA46400EB27C0 /* Release */,
			);
			defaultConfigurationIsVisible = 0;
			defaultConfigurationName = Release;
		};
/* End XCConfigurationList section */
	};
	rootObject = 5F787B6718EBA46400EB27C0 /* Project object */;
}
